
Microsoft Visual Studio Solution File, Format Version 12.00
# Visual Studio Version 17
VisualStudioVersion = 17.4.33213.308
MinimumVisualStudioVersion = 10.0.40219.1
Project("{2150E333-8FDC-42A3-9474-1A3956D46DE8}") = "Platforms", "Platforms", "{73F3A252-D49A-42F1-BB4B-0FC861F5111F}"
EndProject
Project("{FAE04EC0-301F-11D3-BF4B-00C04F79EFBC}") = "UnoClickHandlers", "UnoClickHandlers\UnoClickHandlers\UnoClickHandlers.csproj", "{F37B0B05-1C66-4A99-8846-426257B8C875}"
EndProject
Project("{FAE04EC0-301F-11D3-BF4B-00C04F79EFBC}") = "UnoClickHandlers.Wasm", "UnoClickHandlers\UnoClickHandlers.Wasm\UnoClickHandlers.Wasm.csproj", "{ACF94BAA-AE72-45F5-BA37-CB59ED670DE0}"
EndProject
Project("{FAE04EC0-301F-11D3-BF4B-00C04F79EFBC}") = "UnoClickHandlers.Server", "UnoClickHandlers\UnoClickHandlers.Server\UnoClickHandlers.Server.csproj", "{46C0D88C-F524-41EF-9E46-5C57610DE1F9}"
EndProject
Project("{FAE04EC0-301F-11D3-BF4B-00C04F79EFBC}") = "UnoClickHandlers.Mobile", "UnoClickHandlers\UnoClickHandlers.Mobile\UnoClickHandlers.Mobile.csproj", "{3263733C-4F20-4536-AE72-017621557AA1}"
EndProject
Project("{FAE04EC0-301F-11D3-BF4B-00C04F79EFBC}") = "UnoClickHandlers.Skia.Gtk", "UnoClickHandlers\UnoClickHandlers.Skia.Gtk\UnoClickHandlers.Skia.Gtk.csproj", "{D6CD9633-E749-4C0C-8B4C-C924CE53A8DC}"
EndProject
Project("{FAE04EC0-301F-11D3-BF4B-00C04F79EFBC}") = "UnoClickHandlers.Skia.Linux.FrameBuffer", "UnoClickHandlers\UnoClickHandlers.Skia.Linux.FrameBuffer\UnoClickHandlers.Skia.Linux.FrameBuffer.csproj", "{C9AE56E8-EFCB-40D9-92AB-1C111A10FD24}"
EndProject
Project("{FAE04EC0-301F-11D3-BF4B-00C04F79EFBC}") = "UnoClickHandlers.Windows", "UnoClickHandlers\UnoClickHandlers.Windows\UnoClickHandlers.Windows.csproj", "{A65D49DD-A451-4ACF-A662-F5AE631F46C4}"
EndProject
Project("{FAE04EC0-301F-11D3-BF4B-00C04F79EFBC}") = "UnoClickHandlers.Skia.Wpf", "UnoClickHandlers\UnoClickHandlers.Skia.Wpf\UnoClickHandlers.Skia.Wpf.csproj", "{9CEF174B-9A2B-4F04-A90B-B8A3862937D3}"
EndProject
Global
	GlobalSection(SolutionConfigurationPlatforms) = preSolution
		Debug|Any CPU = Debug|Any CPU
		Debug|arm64 = Debug|arm64
		Debug|x64 = Debug|x64
		Debug|x86 = Debug|x86
		Release|Any CPU = Release|Any CPU
		Release|arm64 = Release|arm64
		Release|x64 = Release|x64
		Release|x86 = Release|x86
	EndGlobalSection
	GlobalSection(ProjectConfigurationPlatforms) = postSolution
		{F37B0B05-1C66-4A99-8846-426257B8C875}.Debug|Any CPU.ActiveCfg = Debug|Any CPU
		{F37B0B05-1C66-4A99-8846-426257B8C875}.Debug|Any CPU.Build.0 = Debug|Any CPU
		{F37B0B05-1C66-4A99-8846-426257B8C875}.Debug|arm64.ActiveCfg = Debug|Any CPU
		{F37B0B05-1C66-4A99-8846-426257B8C875}.Debug|arm64.Build.0 = Debug|Any CPU
		{F37B0B05-1C66-4A99-8846-426257B8C875}.Debug|x64.ActiveCfg = Debug|Any CPU
		{F37B0B05-1C66-4A99-8846-426257B8C875}.Debug|x64.Build.0 = Debug|Any CPU
		{F37B0B05-1C66-4A99-8846-426257B8C875}.Debug|x86.ActiveCfg = Debug|Any CPU
		{F37B0B05-1C66-4A99-8846-426257B8C875}.Debug|x86.Build.0 = Debug|Any CPU
		{F37B0B05-1C66-4A99-8846-426257B8C875}.Release|Any CPU.ActiveCfg = Release|Any CPU
		{F37B0B05-1C66-4A99-8846-426257B8C875}.Release|Any CPU.Build.0 = Release|Any CPU
		{F37B0B05-1C66-4A99-8846-426257B8C875}.Release|arm64.ActiveCfg = Release|Any CPU
		{F37B0B05-1C66-4A99-8846-426257B8C875}.Release|arm64.Build.0 = Release|Any CPU
		{F37B0B05-1C66-4A99-8846-426257B8C875}.Release|x64.ActiveCfg = Release|Any CPU
		{F37B0B05-1C66-4A99-8846-426257B8C875}.Release|x64.Build.0 = Release|Any CPU
		{F37B0B05-1C66-4A99-8846-426257B8C875}.Release|x86.ActiveCfg = Release|Any CPU
		{F37B0B05-1C66-4A99-8846-426257B8C875}.Release|x86.Build.0 = Release|Any CPU
		{ACF94BAA-AE72-45F5-BA37-CB59ED670DE0}.Debug|Any CPU.ActiveCfg = Debug|Any CPU
		{ACF94BAA-AE72-45F5-BA37-CB59ED670DE0}.Debug|Any CPU.Build.0 = Debug|Any CPU
		{ACF94BAA-AE72-45F5-BA37-CB59ED670DE0}.Debug|arm64.ActiveCfg = Debug|Any CPU
		{ACF94BAA-AE72-45F5-BA37-CB59ED670DE0}.Debug|arm64.Build.0 = Debug|Any CPU
		{ACF94BAA-AE72-45F5-BA37-CB59ED670DE0}.Debug|x64.ActiveCfg = Debug|Any CPU
		{ACF94BAA-AE72-45F5-BA37-CB59ED670DE0}.Debug|x64.Build.0 = Debug|Any CPU
		{ACF94BAA-AE72-45F5-BA37-CB59ED670DE0}.Debug|x86.ActiveCfg = Debug|Any CPU
		{ACF94BAA-AE72-45F5-BA37-CB59ED670DE0}.Debug|x86.Build.0 = Debug|Any CPU
		{ACF94BAA-AE72-45F5-BA37-CB59ED670DE0}.Release|Any CPU.ActiveCfg = Release|Any CPU
		{ACF94BAA-AE72-45F5-BA37-CB59ED670DE0}.Release|Any CPU.Build.0 = Release|Any CPU
		{ACF94BAA-AE72-45F5-BA37-CB59ED670DE0}.Release|arm64.ActiveCfg = Release|Any CPU
		{ACF94BAA-AE72-45F5-BA37-CB59ED670DE0}.Release|arm64.Build.0 = Release|Any CPU
		{ACF94BAA-AE72-45F5-BA37-CB59ED670DE0}.Release|x64.ActiveCfg = Release|Any CPU
		{ACF94BAA-AE72-45F5-BA37-CB59ED670DE0}.Release|x64.Build.0 = Release|Any CPU
		{ACF94BAA-AE72-45F5-BA37-CB59ED670DE0}.Release|x86.ActiveCfg = Release|Any CPU
		{ACF94BAA-AE72-45F5-BA37-CB59ED670DE0}.Release|x86.Build.0 = Release|Any CPU
		{46C0D88C-F524-41EF-9E46-5C57610DE1F9}.Debug|Any CPU.ActiveCfg = Debug|Any CPU
		{46C0D88C-F524-41EF-9E46-5C57610DE1F9}.Debug|Any CPU.Build.0 = Debug|Any CPU
		{46C0D88C-F524-41EF-9E46-5C57610DE1F9}.Debug|arm64.ActiveCfg = Debug|Any CPU
		{46C0D88C-F524-41EF-9E46-5C57610DE1F9}.Debug|arm64.Build.0 = Debug|Any CPU
		{46C0D88C-F524-41EF-9E46-5C57610DE1F9}.Debug|x64.ActiveCfg = Debug|Any CPU
		{46C0D88C-F524-41EF-9E46-5C57610DE1F9}.Debug|x64.Build.0 = Debug|Any CPU
		{46C0D88C-F524-41EF-9E46-5C57610DE1F9}.Debug|x86.ActiveCfg = Debug|Any CPU
		{46C0D88C-F524-41EF-9E46-5C57610DE1F9}.Debug|x86.Build.0 = Debug|Any CPU
		{46C0D88C-F524-41EF-9E46-5C57610DE1F9}.Release|Any CPU.ActiveCfg = Release|Any CPU
		{46C0D88C-F524-41EF-9E46-5C57610DE1F9}.Release|Any CPU.Build.0 = Release|Any CPU
		{46C0D88C-F524-41EF-9E46-5C57610DE1F9}.Release|arm64.ActiveCfg = Release|Any CPU
		{46C0D88C-F524-41EF-9E46-5C57610DE1F9}.Release|arm64.Build.0 = Release|Any CPU
		{46C0D88C-F524-41EF-9E46-5C57610DE1F9}.Release|x64.ActiveCfg = Release|Any CPU
		{46C0D88C-F524-41EF-9E46-5C57610DE1F9}.Release|x64.Build.0 = Release|Any CPU
		{46C0D88C-F524-41EF-9E46-5C57610DE1F9}.Release|x86.ActiveCfg = Release|Any CPU
		{46C0D88C-F524-41EF-9E46-5C57610DE1F9}.Release|x86.Build.0 = Release|Any CPU
		{3263733C-4F20-4536-AE72-017621557AA1}.Debug|Any CPU.ActiveCfg = Debug|Any CPU
		{3263733C-4F20-4536-AE72-017621557AA1}.Debug|Any CPU.Build.0 = Debug|Any CPU
		{3263733C-4F20-4536-AE72-017621557AA1}.Debug|Any CPU.Deploy.0 = Debug|Any CPU
		{3263733C-4F20-4536-AE72-017621557AA1}.Debug|arm64.ActiveCfg = Debug|Any CPU
		{3263733C-4F20-4536-AE72-017621557AA1}.Debug|arm64.Build.0 = Debug|Any CPU
		{3263733C-4F20-4536-AE72-017621557AA1}.Debug|arm64.Deploy.0 = Debug|Any CPU
		{3263733C-4F20-4536-AE72-017621557AA1}.Debug|x64.ActiveCfg = Debug|Any CPU
		{3263733C-4F20-4536-AE72-017621557AA1}.Debug|x64.Build.0 = Debug|Any CPU
		{3263733C-4F20-4536-AE72-017621557AA1}.Debug|x64.Deploy.0 = Debug|Any CPU
		{3263733C-4F20-4536-AE72-017621557AA1}.Debug|x86.ActiveCfg = Debug|Any CPU
		{3263733C-4F20-4536-AE72-017621557AA1}.Debug|x86.Build.0 = Debug|Any CPU
		{3263733C-4F20-4536-AE72-017621557AA1}.Debug|x86.Deploy.0 = Debug|Any CPU
		{3263733C-4F20-4536-AE72-017621557AA1}.Release|Any CPU.ActiveCfg = Release|Any CPU
		{3263733C-4F20-4536-AE72-017621557AA1}.Release|Any CPU.Build.0 = Release|Any CPU
		{3263733C-4F20-4536-AE72-017621557AA1}.Release|Any CPU.Deploy.0 = Release|Any CPU
		{3263733C-4F20-4536-AE72-017621557AA1}.Release|arm64.ActiveCfg = Release|Any CPU
		{3263733C-4F20-4536-AE72-017621557AA1}.Release|arm64.Build.0 = Release|Any CPU
		{3263733C-4F20-4536-AE72-017621557AA1}.Release|arm64.Deploy.0 = Release|Any CPU
		{3263733C-4F20-4536-AE72-017621557AA1}.Release|x64.ActiveCfg = Release|Any CPU
		{3263733C-4F20-4536-AE72-017621557AA1}.Release|x64.Build.0 = Release|Any CPU
		{3263733C-4F20-4536-AE72-017621557AA1}.Release|x64.Deploy.0 = Release|Any CPU
		{3263733C-4F20-4536-AE72-017621557AA1}.Release|x86.ActiveCfg = Release|Any CPU
		{3263733C-4F20-4536-AE72-017621557AA1}.Release|x86.Build.0 = Release|Any CPU
		{3263733C-4F20-4536-AE72-017621557AA1}.Release|x86.Deploy.0 = Release|Any CPU
		{D6CD9633-E749-4C0C-8B4C-C924CE53A8DC}.Debug|Any CPU.ActiveCfg = Debug|Any CPU
		{D6CD9633-E749-4C0C-8B4C-C924CE53A8DC}.Debug|Any CPU.Build.0 = Debug|Any CPU
		{D6CD9633-E749-4C0C-8B4C-C924CE53A8DC}.Debug|arm64.ActiveCfg = Debug|Any CPU
		{D6CD9633-E749-4C0C-8B4C-C924CE53A8DC}.Debug|arm64.Build.0 = Debug|Any CPU
		{D6CD9633-E749-4C0C-8B4C-C924CE53A8DC}.Debug|x64.ActiveCfg = Debug|Any CPU
		{D6CD9633-E749-4C0C-8B4C-C924CE53A8DC}.Debug|x64.Build.0 = Debug|Any CPU
		{D6CD9633-E749-4C0C-8B4C-C924CE53A8DC}.Debug|x86.ActiveCfg = Debug|Any CPU
		{D6CD9633-E749-4C0C-8B4C-C924CE53A8DC}.Debug|x86.Build.0 = Debug|Any CPU
		{D6CD9633-E749-4C0C-8B4C-C924CE53A8DC}.Release|Any CPU.ActiveCfg = Release|Any CPU
		{D6CD9633-E749-4C0C-8B4C-C924CE53A8DC}.Release|Any CPU.Build.0 = Release|Any CPU
		{D6CD9633-E749-4C0C-8B4C-C924CE53A8DC}.Release|arm64.ActiveCfg = Release|Any CPU
		{D6CD9633-E749-4C0C-8B4C-C924CE53A8DC}.Release|arm64.Build.0 = Release|Any CPU
		{D6CD9633-E749-4C0C-8B4C-C924CE53A8DC}.Release|x64.ActiveCfg = Release|Any CPU
		{D6CD9633-E749-4C0C-8B4C-C924CE53A8DC}.Release|x64.Build.0 = Release|Any CPU
		{D6CD9633-E749-4C0C-8B4C-C924CE53A8DC}.Release|x86.ActiveCfg = Release|Any CPU
		{D6CD9633-E749-4C0C-8B4C-C924CE53A8DC}.Release|x86.Build.0 = Release|Any CPU
		{C9AE56E8-EFCB-40D9-92AB-1C111A10FD24}.Debug|Any CPU.ActiveCfg = Debug|Any CPU
		{C9AE56E8-EFCB-40D9-92AB-1C111A10FD24}.Debug|Any CPU.Build.0 = Debug|Any CPU
		{C9AE56E8-EFCB-40D9-92AB-1C111A10FD24}.Debug|arm64.ActiveCfg = Debug|Any CPU
		{C9AE56E8-EFCB-40D9-92AB-1C111A10FD24}.Debug|arm64.Build.0 = Debug|Any CPU
		{C9AE56E8-EFCB-40D9-92AB-1C111A10FD24}.Debug|x64.ActiveCfg = Debug|Any CPU
		{C9AE56E8-EFCB-40D9-92AB-1C111A10FD24}.Debug|x64.Build.0 = Debug|Any CPU
		{C9AE56E8-EFCB-40D9-92AB-1C111A10FD24}.Debug|x86.ActiveCfg = Debug|Any CPU
		{C9AE56E8-EFCB-40D9-92AB-1C111A10FD24}.Debug|x86.Build.0 = Debug|Any CPU
		{C9AE56E8-EFCB-40D9-92AB-1C111A10FD24}.Release|Any CPU.ActiveCfg = Release|Any CPU
		{C9AE56E8-EFCB-40D9-92AB-1C111A10FD24}.Release|Any CPU.Build.0 = Release|Any CPU
		{C9AE56E8-EFCB-40D9-92AB-1C111A10FD24}.Release|arm64.ActiveCfg = Release|Any CPU
		{C9AE56E8-EFCB-40D9-92AB-1C111A10FD24}.Release|arm64.Build.0 = Release|Any CPU
		{C9AE56E8-EFCB-40D9-92AB-1C111A10FD24}.Release|x64.ActiveCfg = Release|Any CPU
		{C9AE56E8-EFCB-40D9-92AB-1C111A10FD24}.Release|x64.Build.0 = Release|Any CPU
		{C9AE56E8-EFCB-40D9-92AB-1C111A10FD24}.Release|x86.ActiveCfg = Release|Any CPU
		{C9AE56E8-EFCB-40D9-92AB-1C111A10FD24}.Release|x86.Build.0 = Release|Any CPU
		{A65D49DD-A451-4ACF-A662-F5AE631F46C4}.Debug|Any CPU.ActiveCfg = Debug|x64
		{A65D49DD-A451-4ACF-A662-F5AE631F46C4}.Debug|Any CPU.Build.0 = Debug|x64
		{A65D49DD-A451-4ACF-A662-F5AE631F46C4}.Debug|Any CPU.Deploy.0 = Debug|x64
		{A65D49DD-A451-4ACF-A662-F5AE631F46C4}.Debug|arm64.ActiveCfg = Debug|arm64
		{A65D49DD-A451-4ACF-A662-F5AE631F46C4}.Debug|arm64.Build.0 = Debug|arm64
		{A65D49DD-A451-4ACF-A662-F5AE631F46C4}.Debug|arm64.Deploy.0 = Debug|arm64
		{A65D49DD-A451-4ACF-A662-F5AE631F46C4}.Debug|x64.ActiveCfg = Debug|x64
		{A65D49DD-A451-4ACF-A662-F5AE631F46C4}.Debug|x64.Build.0 = Debug|x64
		{A65D49DD-A451-4ACF-A662-F5AE631F46C4}.Debug|x64.Deploy.0 = Debug|x64
		{A65D49DD-A451-4ACF-A662-F5AE631F46C4}.Debug|x86.ActiveCfg = Debug|x86
		{A65D49DD-A451-4ACF-A662-F5AE631F46C4}.Debug|x86.Build.0 = Debug|x86
		{A65D49DD-A451-4ACF-A662-F5AE631F46C4}.Debug|x86.Deploy.0 = Debug|x86
		{A65D49DD-A451-4ACF-A662-F5AE631F46C4}.Release|Any CPU.ActiveCfg = Release|x64
		{A65D49DD-A451-4ACF-A662-F5AE631F46C4}.Release|Any CPU.Build.0 = Release|x64
		{A65D49DD-A451-4ACF-A662-F5AE631F46C4}.Release|Any CPU.Deploy.0 = Release|x64
		{A65D49DD-A451-4ACF-A662-F5AE631F46C4}.Release|arm64.ActiveCfg = Release|arm64
		{A65D49DD-A451-4ACF-A662-F5AE631F46C4}.Release|arm64.Build.0 = Release|arm64
		{A65D49DD-A451-4ACF-A662-F5AE631F46C4}.Release|arm64.Deploy.0 = Release|arm64
		{A65D49DD-A451-4ACF-A662-F5AE631F46C4}.Release|x64.ActiveCfg = Release|x64
		{A65D49DD-A451-4ACF-A662-F5AE631F46C4}.Release|x64.Build.0 = Release|x64
		{A65D49DD-A451-4ACF-A662-F5AE631F46C4}.Release|x64.Deploy.0 = Release|x64
		{A65D49DD-A451-4ACF-A662-F5AE631F46C4}.Release|x86.ActiveCfg = Release|x86
		{A65D49DD-A451-4ACF-A662-F5AE631F46C4}.Release|x86.Build.0 = Release|x86
		{A65D49DD-A451-4ACF-A662-F5AE631F46C4}.Release|x86.Deploy.0 = Release|x86
		{9CEF174B-9A2B-4F04-A90B-B8A3862937D3}.Debug|Any CPU.ActiveCfg = Debug|Any CPU
		{9CEF174B-9A2B-4F04-A90B-B8A3862937D3}.Debug|Any CPU.Build.0 = Debug|Any CPU
		{9CEF174B-9A2B-4F04-A90B-B8A3862937D3}.Debug|arm64.ActiveCfg = Debug|Any CPU
		{9CEF174B-9A2B-4F04-A90B-B8A3862937D3}.Debug|arm64.Build.0 = Debug|Any CPU
		{9CEF174B-9A2B-4F04-A90B-B8A3862937D3}.Debug|x64.ActiveCfg = Debug|Any CPU
		{9CEF174B-9A2B-4F04-A90B-B8A3862937D3}.Debug|x64.Build.0 = Debug|Any CPU
		{9CEF174B-9A2B-4F04-A90B-B8A3862937D3}.Debug|x86.ActiveCfg = Debug|Any CPU
		{9CEF174B-9A2B-4F04-A90B-B8A3862937D3}.Debug|x86.Build.0 = Debug|Any CPU
		{9CEF174B-9A2B-4F04-A90B-B8A3862937D3}.Release|Any CPU.ActiveCfg = Release|Any CPU
		{9CEF174B-9A2B-4F04-A90B-B8A3862937D3}.Release|Any CPU.Build.0 = Release|Any CPU
		{9CEF174B-9A2B-4F04-A90B-B8A3862937D3}.Release|arm64.ActiveCfg = Release|Any CPU
		{9CEF174B-9A2B-4F04-A90B-B8A3862937D3}.Release|arm64.Build.0 = Release|Any CPU
		{9CEF174B-9A2B-4F04-A90B-B8A3862937D3}.Release|x64.ActiveCfg = Release|Any CPU
		{9CEF174B-9A2B-4F04-A90B-B8A3862937D3}.Release|x64.Build.0 = Release|Any CPU
		{9CEF174B-9A2B-4F04-A90B-B8A3862937D3}.Release|x86.ActiveCfg = Release|Any CPU
		{9CEF174B-9A2B-4F04-A90B-B8A3862937D3}.Release|x86.Build.0 = Release|Any CPU
	EndGlobalSection
	GlobalSection(SolutionProperties) = preSolution
		HideSolutionNode = FALSE
	EndGlobalSection
	GlobalSection(NestedProjects) = preSolution
		{ACF94BAA-AE72-45F5-BA37-CB59ED670DE0} = {73F3A252-D49A-42F1-BB4B-0FC861F5111F}
		{46C0D88C-F524-41EF-9E46-5C57610DE1F9} = {73F3A252-D49A-42F1-BB4B-0FC861F5111F}
		{3263733C-4F20-4536-AE72-017621557AA1} = {73F3A252-D49A-42F1-BB4B-0FC861F5111F}
		{D6CD9633-E749-4C0C-8B4C-C924CE53A8DC} = {73F3A252-D49A-42F1-BB4B-0FC861F5111F}
		{C9AE56E8-EFCB-40D9-92AB-1C111A10FD24} = {73F3A252-D49A-42F1-BB4B-0FC861F5111F}
		{A65D49DD-A451-4ACF-A662-F5AE631F46C4} = {73F3A252-D49A-42F1-BB4B-0FC861F5111F}
		{9CEF174B-9A2B-4F04-A90B-B8A3862937D3} = {73F3A252-D49A-42F1-BB4B-0FC861F5111F}
	EndGlobalSection
	GlobalSection(ExtensibilityGlobals) = postSolution
		SolutionGuid = {1DF44FA9-3631-4F20-A1A1-EDB846E9B6CC}
	EndGlobalSection
EndGlobal
